
Microsoft Visual Studio Solution File, Format Version 12.00
# Visual Studio Version 17
VisualStudioVersion = 17.4.33213.308
MinimumVisualStudioVersion = 10.0.40219.1
Project("{9A19103F-16F7-4668-BE54-9A1E7A4F7556}") = "MF.Admin.UI", "MF.Admin.UI\MF.Admin.UI.csproj", "{FB2F608D-B13C-47E7-9581-D20091D9F547}"
EndProject
Project("{9A19103F-16F7-4668-BE54-9A1E7A4F7556}") = "MF.Common", "MF.Common\MF.Common.csproj", "{83485DA6-ADFD-456B-8609-C343639AB616}"
EndProject
Project("{9A19103F-16F7-4668-BE54-9A1E7A4F7556}") = "MF.Membership.Database", "MF.Membership.Database\MF.Membership.Database.csproj", "{3B7EFD54-FD93-466F-8CBC-68AFCBE1ECAB}"
EndProject
Project("{9A19103F-16F7-4668-BE54-9A1E7A4F7556}") = "MF.Membership.API", "MF.Membership.API\MF.Membership.API.csproj", "{D2EDD8D0-4B86-497E-9661-6D9317855B56}"
EndProject
Project("{9A19103F-16F7-4668-BE54-9A1E7A4F7556}") = "MF.Membership.UI", "MF.Membership.UI\MF.Membership.UI.csproj", "{3E389C07-EED5-4744-974F-97687ABD6B3B}"
EndProject
Project("{FAE04EC0-301F-11D3-BF4B-00C04F79EFBC}") = "MF.Users.Database", "MF.Users.Database\MF.Users.Database.csproj", "{4A55D0AE-B313-4CB4-B74F-40023F5E7D5A}"
EndProject
Project("{FAE04EC0-301F-11D3-BF4B-00C04F79EFBC}") = "MF.Users.API", "MF.Users.API\MF.Users.API.csproj", "{87D1680E-E903-432F-B1BC-D52B394FB714}"
EndProject
Project("{FAE04EC0-301F-11D3-BF4B-00C04F79EFBC}") = "MF.Token.API", "MF.Token.API\MF.Token.API.csproj", "{0E795D8E-60F9-43B6-994B-87DDDDA9D299}"
EndProject
Global
	GlobalSection(SolutionConfigurationPlatforms) = preSolution
		Debug|Any CPU = Debug|Any CPU
		Release|Any CPU = Release|Any CPU
	EndGlobalSection
	GlobalSection(ProjectConfigurationPlatforms) = postSolution
		{FB2F608D-B13C-47E7-9581-D20091D9F547}.Debug|Any CPU.ActiveCfg = Debug|Any CPU
		{FB2F608D-B13C-47E7-9581-D20091D9F547}.Debug|Any CPU.Build.0 = Debug|Any CPU
		{FB2F608D-B13C-47E7-9581-D20091D9F547}.Release|Any CPU.ActiveCfg = Release|Any CPU
		{FB2F608D-B13C-47E7-9581-D20091D9F547}.Release|Any CPU.Build.0 = Release|Any CPU
		{83485DA6-ADFD-456B-8609-C343639AB616}.Debug|Any CPU.ActiveCfg = Debug|Any CPU
		{83485DA6-ADFD-456B-8609-C343639AB616}.Debug|Any CPU.Build.0 = Debug|Any CPU
		{83485DA6-ADFD-456B-8609-C343639AB616}.Release|Any CPU.ActiveCfg = Release|Any CPU
		{83485DA6-ADFD-456B-8609-C343639AB616}.Release|Any CPU.Build.0 = Release|Any CPU
		{3B7EFD54-FD93-466F-8CBC-68AFCBE1ECAB}.Debug|Any CPU.ActiveCfg = Debug|Any CPU
		{3B7EFD54-FD93-466F-8CBC-68AFCBE1ECAB}.Debug|Any CPU.Build.0 = Debug|Any CPU
		{3B7EFD54-FD93-466F-8CBC-68AFCBE1ECAB}.Release|Any CPU.ActiveCfg = Release|Any CPU
		{3B7EFD54-FD93-466F-8CBC-68AFCBE1ECAB}.Release|Any CPU.Build.0 = Release|Any CPU
		{D2EDD8D0-4B86-497E-9661-6D9317855B56}.Debug|Any CPU.ActiveCfg = Debug|Any CPU
		{D2EDD8D0-4B86-497E-9661-6D9317855B56}.Debug|Any CPU.Build.0 = Debug|Any CPU
		{D2EDD8D0-4B86-497E-9661-6D9317855B56}.Release|Any CPU.ActiveCfg = Release|Any CPU
		{D2EDD8D0-4B86-497E-9661-6D9317855B56}.Release|Any CPU.Build.0 = Release|Any CPU
		{3E389C07-EED5-4744-974F-97687ABD6B3B}.Debug|Any CPU.ActiveCfg = Debug|Any CPU
		{3E389C07-EED5-4744-974F-97687ABD6B3B}.Debug|Any CPU.Build.0 = Debug|Any CPU
		{3E389C07-EED5-4744-974F-97687ABD6B3B}.Release|Any CPU.ActiveCfg = Release|Any CPU
		{3E389C07-EED5-4744-974F-97687ABD6B3B}.Release|Any CPU.Build.0 = Release|Any CPU
		{4A55D0AE-B313-4CB4-B74F-40023F5E7D5A}.Debug|Any CPU.ActiveCfg = Debug|Any CPU
		{4A55D0AE-B313-4CB4-B74F-40023F5E7D5A}.Debug|Any CPU.Build.0 = Debug|Any CPU
		{4A55D0AE-B313-4CB4-B74F-40023F5E7D5A}.Release|Any CPU.ActiveCfg = Release|Any CPU
		{4A55D0AE-B313-4CB4-B74F-40023F5E7D5A}.Release|Any CPU.Build.0 = Release|Any CPU
		{87D1680E-E903-432F-B1BC-D52B394FB714}.Debug|Any CPU.ActiveCfg = Debug|Any CPU
		{87D1680E-E903-432F-B1BC-D52B394FB714}.Debug|Any CPU.Build.0 = Debug|Any CPU
		{87D1680E-E903-432F-B1BC-D52B394FB714}.Release|Any CPU.ActiveCfg = Release|Any CPU
		{87D1680E-E903-432F-B1BC-D52B394FB714}.Release|Any CPU.Build.0 = Release|Any CPU
		{0E795D8E-60F9-43B6-994B-87DDDDA9D299}.Debug|Any CPU.ActiveCfg = Debug|Any CPU
		{0E795D8E-60F9-43B6-994B-87DDDDA9D299}.Debug|Any CPU.Build.0 = Debug|Any CPU
		{0E795D8E-60F9-43B6-994B-87DDDDA9D299}.Release|Any CPU.ActiveCfg = Release|Any CPU
		{0E795D8E-60F9-43B6-994B-87DDDDA9D299}.Release|Any CPU.Build.0 = Release|Any CPU
	EndGlobalSection
	GlobalSection(SolutionProperties) = preSolution
		HideSolutionNode = FALSE
	EndGlobalSection
	GlobalSection(ExtensibilityGlobals) = postSolution
		SolutionGuid = {7D39DE88-066F-4EED-8A73-997BA29591A8}
	EndGlobalSection
EndGlobal
